{
  "originHash" : "bfa321e15ecfa6e2fdf4c172924a100f5365ffa04901ccd977e4a7e3c417e836",
  "pins" : [
    {
      "identity" : "baseprimitives",
      "kind" : "remoteSourceControl",
      "location" : "https://github.com/dvclmn/BasePrimitives",
      "state" : {
        "branch" : "main",
        "revision" : "f9e0738773c787f7fe59eb33c7d5ea5c75361691"
      }
    },
    {
      "identity" : "swift-docc-plugin",
      "kind" : "remoteSourceControl",
      "location" : "https://github.com/apple/swift-docc-plugin",
      "state" : {
        "revision" : "e977f65879f82b375a044c8837597f690c067da6",
        "version" : "1.4.6"
      }
    },
    {
      "identity" : "swift-docc-symbolkit",
      "kind" : "remoteSourceControl",
      "location" : "https://github.com/swiftlang/swift-docc-symbolkit",
      "state" : {
        "revision" : "b45d1f2ed151d057b54504d653e0da5552844e34",
        "version" : "1.0.0"
      }
    }
  ],
  "version" : 3
}
